// !$*UTF8*$!
{
	archiveVersion = 1;
	classes = {
	};
	objectVersion = 46;
	objects = {

/* Begin PBXBuildFile section */
		C70B34441B6D204900D9D56C /* AppDelegate.swift in Sources */ = {isa = PBXBuildFile; fileRef = C70B34431B6D204900D9D56C /* AppDelegate.swift */; };
		C70B34461B6D204900D9D56C /* ViewController.swift in Sources */ = {isa = PBXBuildFile; fileRef = C70B34451B6D204900D9D56C /* ViewController.swift */; };
		C70B34491B6D204900D9D56C /* Main.storyboard in Resources */ = {isa = PBXBuildFile; fileRef = C70B34471B6D204900D9D56C /* Main.storyboard */; };
		C70B344B1B6D204900D9D56C /* Assets.xcassets in Resources */ = {isa = PBXBuildFile; fileRef = C70B344A1B6D204900D9D56C /* Assets.xcassets */; };
		C70B344E1B6D204900D9D56C /* LaunchScreen.storyboard in Resources */ = {isa = PBXBuildFile; fileRef = C70B344C1B6D204900D9D56C /* LaunchScreen.storyboard */; };
		C70B34571B6D207200D9D56C /* CardBehaviour.swift in Sources */ = {isa = PBXBuildFile; fileRef = C70B34561B6D207200D9D56C /* CardBehaviour.swift */; };
/* End PBXBuildFile section */

/* Begin PBXFileReference section */
		C70B34401B6D204900D9D56C /* PDKTSwipableCard.app */ = {isa = PBXFileReference; explicitFileType = wrapper.application; includeInIndex = 0; path = PDKTSwipableCard.app; sourceTree = BUILT_PRODUCTS_DIR; };
		C70B34431B6D204900D9D56C /* AppDelegate.swift */ = {isa = PBXFileReference; lastKnownFileType = sourcecode.swift; path = AppDelegate.swift; sourceTree = "<group>"; };
		C70B34451B6D204900D9D56C /* ViewController.swift */ = {isa = PBXFileReference; lastKnownFileType = sourcecode.swift; path = ViewController.swift; sourceTree = "<group>"; };
		C70B34481B6D204900D9D56C /* Base */ = {isa = PBXFileReference; lastKnownFileType = file.storyboard; name = Base; path = Base.lproj/Main.storyboard; sourceTree = "<group>"; };
		C70B344A1B6D204900D9D56C /* Assets.xcassets */ = {isa = PBXFileReference; lastKnownFileType = folder.assetcatalog; path = Assets.xcassets; sourceTree = "<group>"; };
		C70B344D1B6D204900D9D56C /* Base */ = {isa = PBXFileReference; lastKnownFileType = file.storyboard; name = Base; path = Base.lproj/LaunchScreen.storyboard; sourceTree = "<group>"; };
		C70B344F1B6D204900D9D56C /* Info.plist */ = {isa = PBXFileReference; lastKnownFileType = text.plist.xml; path = Info.plist; sourceTree = "<group>"; };
		C70B34551B6D207200D9D56C /* CardBehaviour-BridgingHeader.h */ = {isa = PBXFileReference; fileEncoding = 4; lastKnownFileType = sourcecode.c.h; path = "CardBehaviour-BridgingHeader.h"; sourceTree = "<group>"; };
		C70B34561B6D207200D9D56C /* CardBehaviour.swift */ = {isa = PBXFileReference; fileEncoding = 4; lastKnownFileType = sourcecode.swift; path = CardBehaviour.swift; sourceTree = "<group>"; };
/* End PBXFileReference section */

/* Begin PBXFrameworksBuildPhase section */
		C70B343D1B6D204900D9D56C /* Frameworks */ = {
			isa = PBXFrameworksBuildPhase;
			buildActionMask = 2147483647;
			files = (
			);
			runOnlyForDeploymentPostprocessing = 0;
		};
/* End PBXFrameworksBuildPhase section */

/* Begin PBXGroup section */
		C70B34371B6D204900D9D56C = {
			isa = PBXGroup;
			children = (
				C70B34421B6D204900D9D56C /* PDKTSwipableCard */,
				C70B34411B6D204900D9D56C /* Products */,
			);
			sourceTree = "<group>";
		};
		C70B34411B6D204900D9D56C /* Products */ = {
			isa = PBXGroup;
			children = (
				C70B34401B6D204900D9D56C /* PDKTSwipableCard.app */,
			);
			name = Products;
			sourceTree = "<group>";
		};
		C70B34421B6D204900D9D56C /* PDKTSwipableCard */ = {
			isa = PBXGroup;
			children = (
				C70B34431B6D204900D9D56C /* AppDelegate.swift */,
				C70B34451B6D204900D9D56C /* ViewController.swift */,
				C70B34471B6D204900D9D56C /* Main.storyboard */,
				C70B344A1B6D204900D9D56C /* Assets.xcassets */,
				C70B344C1B6D204900D9D56C /* LaunchScreen.storyboard */,
				C70B34551B6D207200D9D56C /* CardBehaviour-BridgingHeader.h */,
				C70B34561B6D207200D9D56C /* CardBehaviour.swift */,
				C70B344F1B6D204900D9D56C /* Info.plist */,
			);
			path = PDKTSwipableCard;
			sourceTree = "<group>";
		};
/* End PBXGroup section */

/* Begin PBXNativeTarget section */
		C70B343F1B6D204900D9D56C /* PDKTSwipableCard */ = {
			isa = PBXNativeTarget;
			buildConfigurationList = C70B34521B6D204900D9D56C /* Build configuration list for PBXNativeTarget "PDKTSwipableCard" */;
			buildPhases = (
				C70B343C1B6D204900D9D56C /* Sources */,
				C70B343D1B6D204900D9D56C /* Frameworks */,
				C70B343E1B6D204900D9D56C /* Resources */,
			);
			buildRules = (
			);
			dependencies = (
			);
			name = PDKTSwipableCard;
			productName = PDKTSwipableCard;
			productReference = C70B34401B6D204900D9D56C /* PDKTSwipableCard.app */;
			productType = "com.apple.product-type.application";
		};
/* End PBXNativeTarget section */

/* Begin PBXProject section */
		C70B34381B6D204900D9D56C /* Project object */ = {
			isa = PBXProject;
			attributes = {
				LastUpgradeCheck = 0700;
				ORGANIZATIONNAME = Produkt;
				TargetAttributes = {
					C70B343F1B6D204900D9D56C = {
						CreatedOnToolsVersion = 7.0;
					};
				};
			};
			buildConfigurationList = C70B343B1B6D204900D9D56C /* Build configuration list for PBXProject "PDKTSwipableCard" */;
			compatibilityVersion = "Xcode 3.2";
			developmentRegion = English;
			hasScannedForEncodings = 0;
			knownRegions = (
				en,
				Base,
			);
			mainGroup = C70B34371B6D204900D9D56C;
			productRefGroup = C70B34411B6D204900D9D56C /* Products */;
			projectDirPath = "";
			projectRoot = "";
			targets = (
				C70B343F1B6D204900D9D56C /* PDKTSwipableCard */,
			);
		};
/* End PBXProject section */

/* Begin PBXResourcesBuildPhase section */
		C70B343E1B6D204900D9D56C /* Resources */ = {
			isa = PBXResourcesBuildPhase;
			buildActionMask = 2147483647;
			files = (
				C70B344E1B6D204900D9D56C /* LaunchScreen.storyboard in Resources */,
				C70B344B1B6D204900D9D56C /* Assets.xcassets in Resources */,
				C70B34491B6D204900D9D56C /* Main.storyboard in Resources */,
			);
			runOnlyForDeploymentPostprocessing = 0;
		};
/* End PBXResourcesBuildPhase section */

/* Begin PBXSourcesBuildPhase section */
		C70B343C1B6D204900D9D56C /* Sources */ = {
			isa = PBXSourcesBuildPhase;
			buildActionMask = 2147483647;
			files = (
				C70B34461B6D204900D9D56C /* ViewController.swift in Sources */,
				C70B34441B6D204900D9D56C /* AppDelegate.swift in Sources */,
				C70B34571B6D207200D9D56C /* CardBehaviour.swift in Sources */,
			);
			runOnlyForDeploymentPostprocessing = 0;
		};
/* End PBXSourcesBuildPhase section */

/* Begin PBXVariantGroup section */
		C70B34471B6D204900D9D56C /* Main.storyboard */ = {
			isa = PBXVariantGroup;
			children = (
				C70B34481B6D204900D9D56C /* Base */,
			);
			name = Main.storyboard;
			sourceTree = "<group>";
		};
		C70B344C1B6D204900D9D56C /* LaunchScreen.storyboard */ = {
			isa = PBXVariantGroup;
			children = (
				C70B344D1B6D204900D9D56C /* Base */,
			);
			name = LaunchScreen.storyboard;
			sourceTree = "<group>";
		};
/* End PBXVariantGroup section */

/* Begin XCBuildConfiguration section */
		C70B34501B6D204900D9D56C /* Debug */ = {
			isa = XCBuildConfiguration;
			buildSettings = {
				ALWAYS_SEARCH_USER_PATHS = NO;
				CLANG_CXX_LANGUAGE_STANDARD = "gnu++0x";
				CLANG_CXX_LIBRARY = "libc++";
				CLANG_ENABLE_MODULES = YES;
				CLANG_ENABLE_OBJC_ARC = YES;
				CLANG_WARN_BOOL_CONVERSION = YES;
				CLANG_WARN_CONSTANT_CONVERSION = YES;
				CLANG_WARN_DIRECT_OBJC_ISA_USAGE = YES_ERROR;
				CLANG_WARN_EMPTY_BODY = YES;
				CLANG_WARN_ENUM_CONVERSION = YES;
				CLANG_WARN_INT_CONVERSION = YES;
				CLANG_WARN_OBJC_ROOT_CLASS = YES_ERROR;
				CLANG_WARN_UNREACHABLE_CODE = YES;
				CLANG_WARN__DUPLICATE_METHOD_MATCH = YES;
				"CODE_SIGN_IDENTITY[sdk=iphoneos*]" = "iPhone Developer";
				COPY_PHASE_STRIP = NO;
				DEBUG_INFORMATION_FORMAT = dwarf;
				ENABLE_STRICT_OBJC_MSGSEND = YES;
				ENABLE_TESTABILITY = YES;
				GCC_C_LANGUAGE_STANDARD = gnu99;
				GCC_DYNAMIC_NO_PIC = NO;
				GCC_NO_COMMON_BLOCKS = YES;
				GCC_OPTIMIZATION_LEVEL = 0;
				GCC_PREPROCESSOR_DEFINITIONS = (
					"DEBUG=1",
					"$(inherited)",
				);
				GCC_WARN_64_TO_32_BIT_CONVERSION = YES;
				GCC_WARN_ABOUT_RETURN_TYPE = YES_ERROR;
				GCC_WARN_UNDECLARED_SELECTOR = YES;
				GCC_WARN_UNINITIALIZED_AUTOS = YES_AGGRESSIVE;
				GCC_WARN_UNUSED_FUNCTION = YES;
				GCC_WARN_UNUSED_VARIABLE = YES;
				IPHONEOS_DEPLOYMENT_TARGET = 9.0;
				MTL_ENABLE_DEBUG_INFO = YES;
				ONLY_ACTIVE_ARCH = YES;
				SDKROOT = iphoneos;
				SWIFT_OPTIMIZATION_LEVEL = "-Onone";
				TARGETED_DEVICE_FAMILY = "1,2";
			};
			name = Debug;
		};
		C70B34511B6D204900D9D56C /* Release */ = {
			isa = XCBuildConfiguration;
			buildSettings = {
				ALWAYS_SEARCH_USER_PATHS = NO;
				CLANG_CXX_LANGUAGE_STANDARD = "gnu++0x";
				CLANG_CXX_LIBRARY = "libc++";
				CLANG_ENABLE_MODULES = YES;
				CLANG_ENABLE_OBJC_ARC = YES;
				CLANG_WARN_BOOL_CONVERSION = YES;
				CLANG_WARN_CONSTANT_CONVERSION = YES;
				CLANG_WARN_DIRECT_OBJC_ISA_USAGE = YES_ERROR;
				CLANG_WARN_EMPTY_BODY = YES;
				CLANG_WARN_ENUM_CONVERSION = YES;
				CLANG_WARN_INT_CONVERSION = YES;
				CLANG_WARN_OBJC_ROOT_CLASS = YES_ERROR;
				CLANG_WARN_UNREACHABLE_CODE = YES;
				CLANG_WARN__DUPLICATE_METHOD_MATCH = YES;
				"CODE_SIGN_IDENTITY[sdk=iphoneos*]" = "iPhone Developer";
				COPY_PHASE_STRIP = NO;
				DEBUG_INFORMATION_FORMAT = "dwarf-with-dsym";
				ENABLE_NS_ASSERTIONS = NO;
				ENABLE_STRICT_OBJC_MSGSEND = YES;
				GCC_C_LANGUAGE_STANDARD = gnu99;
				GCC_NO_COMMON_BLOCKS = YES;
				GCC_WARN_64_TO_32_BIT_CONVERSION = YES;
				GCC_WARN_ABOUT_RETURN_TYPE = YES_ERROR;
				GCC_WARN_UNDECLARED_SELECTOR = YES;
				GCC_WARN_UNINITIALIZED_AUTOS = YES_AGGRESSIVE;
				GCC_WARN_UNUSED_FUNCTION = YES;
				GCC_WARN_UNUSED_VARIABLE = YES;
				IPHONEOS_DEPLOYMENT_TARGET = 9.0;
				MTL_ENABLE_DEBUG_INFO = NO;
				SDKROOT = iphoneos;
				TARGETED_DEVICE_FAMILY = "1,2";
				VALIDATE_PRODUCT = YES;
			};
			name = Release;
		};
		C70B34531B6D204900D9D56C /* Debug */ = {
			isa = XCBuildConfiguration;
			buildSettings = {
				ASSETCATALOG_COMPILER_APPICON_NAME = AppIcon;
				INFOPLIST_FILE = PDKTSwipableCard/Info.plist;
				LD_RUNPATH_SEARCH_PATHS = "$(inherited) @executable_path/Frameworks";
				PRODUCT_BUNDLE_IDENTIFIER = com.produkt.PDKTSwipableCard;
				PRODUCT_NAME = "$(TARGET_NAME)";
				SWIFT_OBJC_BRIDGING_HEADER = "PDKTSwipableCard/CardBehaviour-BridgingHeader.h";
			};
			name = Debug;
		};
		C70B34541B6D204900D9D56C /* Release */ = {
			isa = XCBuildConfiguration;
			buildSettings = {
				ASSETCATALOG_COMPILER_APPICON_NAME = AppIcon;
				INFOPLIST_FILE = PDKTSwipableCard/Info.plist;
				LD_RUNPATH_SEARCH_PATHS = "$(inherited) @executable_path/Frameworks";
				PRODUCT_BUNDLE_IDENTIFIER = com.produkt.PDKTSwipableCard;
				PRODUCT_NAME = "$(TARGET_NAME)";
				SWIFT_OBJC_BRIDGING_HEADER = "PDKTSwipableCard/CardBehaviour-BridgingHeader.h";
			};
			name = Release;
		};
/* End XCBuildConfiguration section */

/* Begin XCConfigurationList section */
		C70B343B1B6D204900D9D56C /* Build configuration list for PBXProject "PDKTSwipableCard" */ = {
			isa = XCConfigurationList;
			buildConfigurations = (
				C70B34501B6D204900D9D56C /* Debug */,
				C70B34511B6D204900D9D56C /* Release */,
			);
			defaultConfigurationIsVisible = 0;
			defaultConfigurationName = Release;
		};
		C70B34521B6D204900D9D56C /* Build configuration list for PBXNativeTarget "PDKTSwipableCard" */ = {
			isa = XCConfigurationList;
			buildConfigurations = (
				C70B34531B6D204900D9D56C /* Debug */,
				C70B34541B6D204900D9D56C /* Release */,
			);
			defaultConfigurationIsVisible = 0;
		};
/* End XCConfigurationList section */
	};
	rootObject = C70B34381B6D204900D9D56C /* Project object */;
}
